
Microsoft Visual Studio Solution File, Format Version 12.00
# Visual Studio Version 16
VisualStudioVersion = 16.0.32901.82
MinimumVisualStudioVersion = 10.0.40219.1
Project("{FAE04EC0-301F-11D3-BF4B-00C04F79EFBC}") = "weatherApp", "weatherApp.csproj", "{C4710ED6-5214-466C-8E57-B8A6DB2388DA}"
EndProject
Global
	GlobalSection(SolutionConfigurationPlatforms) = preSolution
		Debug|Any CPU = Debug|Any CPU
		Release|Any CPU = Release|Any CPU
	EndGlobalSection
	GlobalSection(ProjectConfigurationPlatforms) = postSolution
		{C4710ED6-5214-466C-8E57-B8A6DB2388DA}.Debug|Any CPU.ActiveCfg = Debug|Any CPU
		{C4710ED6-5214-466C-8E57-B8A6DB2388DA}.Debug|Any CPU.Build.0 = Debug|Any CPU
		{C4710ED6-5214-466C-8E57-B8A6DB2388DA}.Release|Any CPU.ActiveCfg = Release|Any CPU
		{C4710ED6-5214-466C-8E57-B8A6DB2388DA}.Release|Any CPU.Build.0 = Release|Any CPU
	EndGlobalSection
	GlobalSection(SolutionProperties) = preSolution
		HideSolutionNode = FALSE
	EndGlobalSection
	GlobalSection(ExtensibilityGlobals) = postSolution
		SolutionGuid = {A15B78E8-CCEE-47D7-A797-C351AE3BD668}
	EndGlobalSection
EndGlobal
